
Microsoft Visual Studio Solution File, Format Version 12.00
# Visual Studio Version 17
VisualStudioVersion = 17.4.33110.190
MinimumVisualStudioVersion = 10.0.40219.1
Project("{FAE04EC0-301F-11D3-BF4B-00C04F79EFBC}") = "LAB4", "LAB4\LAB4.csproj", "{0EB3F02A-5907-45EC-866C-EA2EB6925EFC}"
EndProject
Global
	GlobalSection(SolutionConfigurationPlatforms) = preSolution
		Debug|Any CPU = Debug|Any CPU
		Release|Any CPU = Release|Any CPU
	EndGlobalSection
	GlobalSection(ProjectConfigurationPlatforms) = postSolution
		{0EB3F02A-5907-45EC-866C-EA2EB6925EFC}.Debug|Any CPU.ActiveCfg = Debug|Any CPU
		{0EB3F02A-5907-45EC-866C-EA2EB6925EFC}.Debug|Any CPU.Build.0 = Debug|Any CPU
		{0EB3F02A-5907-45EC-866C-EA2EB6925EFC}.Release|Any CPU.ActiveCfg = Release|Any CPU
		{0EB3F02A-5907-45EC-866C-EA2EB6925EFC}.Release|Any CPU.Build.0 = Release|Any CPU
	EndGlobalSection
	GlobalSection(SolutionProperties) = preSolution
		HideSolutionNode = FALSE
	EndGlobalSection
	GlobalSection(ExtensibilityGlobals) = postSolution
		SolutionGuid = {DDD6A71E-31BB-48EB-BE1F-2F92356438E6}
	EndGlobalSection
EndGlobal
